<?xml version="1.0" encoding="utf-8"?>
<Project ToolsVersion="4.0" xmlns="http://schemas.microsoft.com/developer/msbuild/2003">
  <ItemGroup>
    <Filter Include="Source Files">
      <UniqueIdentifier>{f8acbb7c-5327-4c04-aa37-e32d5fd83c75}</UniqueIdentifier>
      <Extensions>cpp;c;cxx;rc;def;r;odl;idl;hpj;bat</Extensions>
    </Filter>
    <Filter Include="Header Files">
      <UniqueIdentifier>{2e8c38a7-f7a1-431c-a051-b036afa01b50}</UniqueIdentifier>
      <Extensions>h;hpp;hxx;hm;inl</Extensions>
    </Filter>
    <Filter Include="Resource Files">
      <UniqueIdentifier>{3b882dc7-7534-4923-afa7-a6278d30be3d}</UniqueIdentifier>
      <Extensions>ico;cur;bmp;dlg;rc2;rct;bin;rgs;gif;jpg;jpeg;jpe</Extensions>
    </Filter>
  </ItemGroup>
  <ItemGroup>
    <ClCompile Include="AppCfgs.cpp">
      <Filter>Source Files</Filter>
    </ClCompile>
    <ClCompile Include="BfTransfer.cpp">
      <Filter>Source Files</Filter>
    </ClCompile>
    <ClCompile Include="BkrNtDlg.cpp">
      <Filter>Source Files</Filter>
    </ClCompile>
    <ClCompile Include="DIYCtrl\ColorStatic.cpp">
      <Filter>Source Files</Filter>
    </ClCompile>
    <ClCompile Include="CostMs.cpp">
      <Filter>Source Files</Filter>
    </ClCompile>
    <ClCompile Include="DlgBfLog.cpp">
      <Filter>Source Files</Filter>
    </ClCompile>
    <ClCompile Include="DlgModPass.cpp">
      <Filter>Source Files</Filter>
    </ClCompile>
    <ClCompile Include="DlgNetSel.cpp">
      <Filter>Source Files</Filter>
    </ClCompile>
    <ClCompile Include="DlgOrdEx.cpp">
      <Filter>Source Files</Filter>
    </ClCompile>
    <ClCompile Include="DlgQryHiSet.cpp">
      <Filter>Source Files</Filter>
    </ClCompile>
    <ClCompile Include="DlgRecent.cpp">
      <Filter>Source Files</Filter>
    </ClCompile>
    <ClCompile Include="DlgSiLog.cpp">
      <Filter>Source Files</Filter>
    </ClCompile>
    <ClCompile Include="DlgUnLock.cpp">
      <Filter>Source Files</Filter>
    </ClCompile>
    <ClCompile Include="GenMfDlg.cpp">
      <Filter>Source Files</Filter>
    </ClCompile>
    <ClCompile Include="DIYCtrl\HtmlCtrl.cpp">
      <Filter>Source Files</Filter>
    </ClCompile>
    <ClCompile Include="LoginDlg.cpp">
      <Filter>Source Files</Filter>
    </ClCompile>
    <ClCompile Include="mdspi.cpp">
      <Filter>Source Files</Filter>
    </ClCompile>
    <ClCompile Include="DIYCtrl\MMStatusBar.cpp">
      <Filter>Source Files</Filter>
    </ClCompile>
    <ClCompile Include="DIYCtrl\MyCombo.cpp">
      <Filter>Source Files</Filter>
    </ClCompile>
    <ClCompile Include="NoticeDlg.cpp">
      <Filter>Source Files</Filter>
    </ClCompile>
    <ClCompile Include="DIYCtrl\NumSpinCtrl.cpp">
      <Filter>Source Files</Filter>
    </ClCompile>
    <ClCompile Include="ParkOrd.cpp">
      <Filter>Source Files</Filter>
    </ClCompile>
    <ClCompile Include="pugixml.cpp">
      <Filter>Source Files</Filter>
    </ClCompile>
    <ClCompile Include="DIYCtrl\SliderEx.cpp">
      <Filter>Source Files</Filter>
    </ClCompile>
    <ClCompile Include="StdAfx.cpp">
      <Filter>Source Files</Filter>
    </ClCompile>
    <ClCompile Include="DIYCtrl\TimeEdit.cpp">
      <Filter>Source Files</Filter>
    </ClCompile>
    <ClCompile Include="tools.cpp">
      <Filter>Source Files</Filter>
    </ClCompile>
    <ClCompile Include="traderspi.cpp">
      <Filter>Source Files</Filter>
    </ClCompile>
    <ClCompile Include="DIYCtrl\XListCtrl.cpp">
      <Filter>Source Files</Filter>
    </ClCompile>
    <ClCompile Include="DIYCtrl\XPGroupBox.cpp">
      <Filter>Source Files</Filter>
    </ClCompile>
    <ClCompile Include="DIYCtrl\XTList.cpp">
      <Filter>Source Files</Filter>
    </ClCompile>
    <ClCompile Include="xTrader.cpp">
      <Filter>Source Files</Filter>
    </ClCompile>
    <ClCompile Include="xTraderDlg.cpp">
      <Filter>Source Files</Filter>
    </ClCompile>
    <ClCompile Include="MyMsgBox.cpp">
      <Filter>Source Files</Filter>
    </ClCompile>
    <ClCompile Include="DIYCtrl\FixHtmlView.cpp">
      <Filter>Source Files</Filter>
    </ClCompile>
  </ItemGroup>
  <ItemGroup>
    <ClInclude Include="base64.h">
      <Filter>Header Files</Filter>
    </ClInclude>
    <ClInclude Include="BfTransfer.h">
      <Filter>Header Files</Filter>
    </ClInclude>
    <ClInclude Include="DIYCtrl\Color.h">
      <Filter>Header Files</Filter>
    </ClInclude>
    <ClInclude Include="DIYCtrl\ColorStatic.h">
      <Filter>Header Files</Filter>
    </ClInclude>
    <ClInclude Include="DlgModPass.h">
      <Filter>Header Files</Filter>
    </ClInclude>
    <ClInclude Include="DlgNetSel.h">
      <Filter>Header Files</Filter>
    </ClInclude>
    <ClInclude Include="DlgOrdEx.h">
      <Filter>Header Files</Filter>
    </ClInclude>
    <ClInclude Include="DlgQryHiSet.h">
      <Filter>Header Files</Filter>
    </ClInclude>
    <ClInclude Include="DlgRecent.h">
      <Filter>Header Files</Filter>
    </ClInclude>
    <ClInclude Include="GenMfDlg.h">
      <Filter>Header Files</Filter>
    </ClInclude>
    <ClInclude Include="global.h">
      <Filter>Header Files</Filter>
    </ClInclude>
    <ClInclude Include="LoginDlg.h">
      <Filter>Header Files</Filter>
    </ClInclude>
    <ClInclude Include="mdspi.h">
      <Filter>Header Files</Filter>
    </ClInclude>
    <ClInclude Include="DIYCtrl\MMStatusBar.h">
      <Filter>Header Files</Filter>
    </ClInclude>
    <ClInclude Include="NoticeDlg.h">
      <Filter>Header Files</Filter>
    </ClInclude>
    <ClInclude Include="DIYCtrl\NumSpinCtrl.h">
      <Filter>Header Files</Filter>
    </ClInclude>
    <ClInclude Include="ParkOrd.h">
      <Filter>Header Files</Filter>
    </ClInclude>
    <ClInclude Include="pugiconfig.hpp">
      <Filter>Header Files</Filter>
    </ClInclude>
    <ClInclude Include="pugixml.hpp">
      <Filter>Header Files</Filter>
    </ClInclude>
    <ClInclude Include="Resource.h">
      <Filter>Header Files</Filter>
    </ClInclude>
    <ClInclude Include="DIYCtrl\SliderEx.h">
      <Filter>Header Files</Filter>
    </ClInclude>
    <ClInclude Include="StdAfx.h">
      <Filter>Header Files</Filter>
    </ClInclude>
    <ClInclude Include="tools.h">
      <Filter>Header Files</Filter>
    </ClInclude>
    <ClInclude Include="traderspi.h">
      <Filter>Header Files</Filter>
    </ClInclude>
    <ClInclude Include="DIYCtrl\XPGroupBox.h">
      <Filter>Header Files</Filter>
    </ClInclude>
    <ClInclude Include="xTrader.h">
      <Filter>Header Files</Filter>
    </ClInclude>
    <ClInclude Include="xTraderDlg.h">
      <Filter>Header Files</Filter>
    </ClInclude>
  </ItemGroup>
  <ItemGroup>
    <Image Include="res\info.ico">
      <Filter>Resource Files</Filter>
    </Image>
    <Image Include="res\xTrader.ico">
      <Filter>Resource Files</Filter>
    </Image>
    <Image Include="res\xTrader_G.ico">
      <Filter>Resource Files</Filter>
    </Image>
  </ItemGroup>
  <ItemGroup>
    <ResourceCompile Include="xTrader.rc">
      <Filter>Resource Files</Filter>
    </ResourceCompile>
  </ItemGroup>
  <ItemGroup>
    <Xml Include="res\xTrader.xml">
      <Filter>Resource Files</Filter>
    </Xml>
  </ItemGroup>
  <ItemGroup>
    <CustomBuild Include="res\conf.bin">
      <Filter>Resource Files</Filter>
    </CustomBuild>
    <CustomBuild Include="res\empty.htm">
      <Filter>Resource Files</Filter>
    </CustomBuild>
    <CustomBuild Include="res\readme.htm">
      <Filter>Resource Files</Filter>
    </CustomBuild>
    <CustomBuild Include="res\xTrader.rc2">
      <Filter>Resource Files</Filter>
    </CustomBuild>
  </ItemGroup>
</Project>